// !$*UTF8*$!
{
	archiveVersion = 1;
	classes = {
	};
	objectVersion = 55;
	objects = {

/* Begin PBXBuildFile section */
		0A2F9E2128850D4200D6CB6D /* ErrorView.swift in Sources */ = {isa = PBXBuildFile; fileRef = 0A2F9E2028850D4200D6CB6D /* ErrorView.swift */; };
		0A2F9E2328851AC400D6CB6D /* AppDelegate.swift in Sources */ = {isa = PBXBuildFile; fileRef = 0A2F9E2228851AC400D6CB6D /* AppDelegate.swift */; };
		0A2F9E252885C9A600D6CB6D /* CustomTabBar.swift in Sources */ = {isa = PBXBuildFile; fileRef = 0A2F9E242885C9A600D6CB6D /* CustomTabBar.swift */; };
		0A2F9E272885CD3A00D6CB6D /* TabCurve.swift in Sources */ = {isa = PBXBuildFile; fileRef = 0A2F9E262885CD3A00D6CB6D /* TabCurve.swift */; };
		0A9D00B02884E8D5000C5988 /* Database.swift in Sources */ = {isa = PBXBuildFile; fileRef = 0A9D00AF2884E8D5000C5988 /* Database.swift */; };
		0A9D00B22884EC37000C5988 /* UserEntity.swift in Sources */ = {isa = PBXBuildFile; fileRef = 0A9D00B12884EC37000C5988 /* UserEntity.swift */; };
		0A9D00B42884EE41000C5988 /* EventEntity.swift in Sources */ = {isa = PBXBuildFile; fileRef = 0A9D00B32884EE41000C5988 /* EventEntity.swift */; };
		0A9D00B628850BBC000C5988 /* UserView.swift in Sources */ = {isa = PBXBuildFile; fileRef = 0A9D00B528850BBC000C5988 /* UserView.swift */; };
		0AA20D452886A726006F6732 /* EventDetailView.swift in Sources */ = {isa = PBXBuildFile; fileRef = 0AA20D442886A725006F6732 /* EventDetailView.swift */; };
		0AAAD294288A2CA90099B502 /* ProfileView.swift in Sources */ = {isa = PBXBuildFile; fileRef = 0AAAD293288A2CA90099B502 /* ProfileView.swift */; };
		0AAAD296288A2E210099B502 /* RoundedCornersShape.swift in Sources */ = {isa = PBXBuildFile; fileRef = 0AAAD295288A2E210099B502 /* RoundedCornersShape.swift */; };
		0AB532462884E5AB0094E6DC /* fpt_event_management_swiftuiApp.swift in Sources */ = {isa = PBXBuildFile; fileRef = 0AB532452884E5AB0094E6DC /* fpt_event_management_swiftuiApp.swift */; };
		0AB532482884E5AB0094E6DC /* LoginView.swift in Sources */ = {isa = PBXBuildFile; fileRef = 0AB532472884E5AB0094E6DC /* LoginView.swift */; };
		0AB5324A2884E5B20094E6DC /* Assets.xcassets in Resources */ = {isa = PBXBuildFile; fileRef = 0AB532492884E5B20094E6DC /* Assets.xcassets */; };
		0AB5324D2884E5B20094E6DC /* Preview Assets.xcassets in Resources */ = {isa = PBXBuildFile; fileRef = 0AB5324C2884E5B20094E6DC /* Preview Assets.xcassets */; };
		0AF2B47128902DC40027C428 /* RoleEntity.swift in Sources */ = {isa = PBXBuildFile; fileRef = 0AF2B47028902DC40027C428 /* RoleEntity.swift */; };
		0AF2B47328903E7E0027C428 /* AdminView.swift in Sources */ = {isa = PBXBuildFile; fileRef = 0AF2B47228903E7E0027C428 /* AdminView.swift */; };
		DAB423AFF2F7610B1AC271C9 /* Pods_fpt_event_management_swiftui.framework in Frameworks */ = {isa = PBXBuildFile; fileRef = 27EE3DDB5FEF36C4CCDB8654 /* Pods_fpt_event_management_swiftui.framework */; };
/* End PBXBuildFile section */

/* Begin PBXFileReference section */
		0A2F9E2028850D4200D6CB6D /* ErrorView.swift */ = {isa = PBXFileReference; lastKnownFileType = sourcecode.swift; path = ErrorView.swift; sourceTree = "<group>"; };
		0A2F9E2228851AC400D6CB6D /* AppDelegate.swift */ = {isa = PBXFileReference; lastKnownFileType = sourcecode.swift; path = AppDelegate.swift; sourceTree = "<group>"; };
		0A2F9E242885C9A600D6CB6D /* CustomTabBar.swift */ = {isa = PBXFileReference; lastKnownFileType = sourcecode.swift; path = CustomTabBar.swift; sourceTree = "<group>"; };
		0A2F9E262885CD3A00D6CB6D /* TabCurve.swift */ = {isa = PBXFileReference; lastKnownFileType = sourcecode.swift; path = TabCurve.swift; sourceTree = "<group>"; };
		0A9D00AF2884E8D5000C5988 /* Database.swift */ = {isa = PBXFileReference; lastKnownFileType = sourcecode.swift; path = Database.swift; sourceTree = "<group>"; };
		0A9D00B12884EC37000C5988 /* UserEntity.swift */ = {isa = PBXFileReference; lastKnownFileType = sourcecode.swift; path = UserEntity.swift; sourceTree = "<group>"; };
		0A9D00B32884EE41000C5988 /* EventEntity.swift */ = {isa = PBXFileReference; lastKnownFileType = sourcecode.swift; path = EventEntity.swift; sourceTree = "<group>"; };
		0A9D00B528850BBC000C5988 /* UserView.swift */ = {isa = PBXFileReference; lastKnownFileType = sourcecode.swift; path = UserView.swift; sourceTree = "<group>"; };
		0AA20D442886A725006F6732 /* EventDetailView.swift */ = {isa = PBXFileReference; lastKnownFileType = sourcecode.swift; path = EventDetailView.swift; sourceTree = "<group>"; };
		0AAAD293288A2CA90099B502 /* ProfileView.swift */ = {isa = PBXFileReference; lastKnownFileType = sourcecode.swift; path = ProfileView.swift; sourceTree = "<group>"; };
		0AAAD295288A2E210099B502 /* RoundedCornersShape.swift */ = {isa = PBXFileReference; lastKnownFileType = sourcecode.swift; path = RoundedCornersShape.swift; sourceTree = "<group>"; };
		0AB532422884E5AB0094E6DC /* fpt-event-management-swiftui.app */ = {isa = PBXFileReference; explicitFileType = wrapper.application; includeInIndex = 0; path = "fpt-event-management-swiftui.app"; sourceTree = BUILT_PRODUCTS_DIR; };
		0AB532452884E5AB0094E6DC /* fpt_event_management_swiftuiApp.swift */ = {isa = PBXFileReference; lastKnownFileType = sourcecode.swift; path = fpt_event_management_swiftuiApp.swift; sourceTree = "<group>"; };
		0AB532472884E5AB0094E6DC /* LoginView.swift */ = {isa = PBXFileReference; lastKnownFileType = sourcecode.swift; path = LoginView.swift; sourceTree = "<group>"; };
		0AB532492884E5B20094E6DC /* Assets.xcassets */ = {isa = PBXFileReference; lastKnownFileType = folder.assetcatalog; path = Assets.xcassets; sourceTree = "<group>"; };
		0AB5324C2884E5B20094E6DC /* Preview Assets.xcassets */ = {isa = PBXFileReference; lastKnownFileType = folder.assetcatalog; path = "Preview Assets.xcassets"; sourceTree = "<group>"; };
		0AF2B47028902DC40027C428 /* RoleEntity.swift */ = {isa = PBXFileReference; lastKnownFileType = sourcecode.swift; path = RoleEntity.swift; sourceTree = "<group>"; };
		0AF2B47228903E7E0027C428 /* AdminView.swift */ = {isa = PBXFileReference; lastKnownFileType = sourcecode.swift; path = AdminView.swift; sourceTree = "<group>"; };
		0B8B8F323F4AB0EF6EBBC4FC /* Pods-fpt-event-management-swiftui.release.xcconfig */ = {isa = PBXFileReference; includeInIndex = 1; lastKnownFileType = text.xcconfig; name = "Pods-fpt-event-management-swiftui.release.xcconfig"; path = "Target Support Files/Pods-fpt-event-management-swiftui/Pods-fpt-event-management-swiftui.release.xcconfig"; sourceTree = "<group>"; };
		27EE3DDB5FEF36C4CCDB8654 /* Pods_fpt_event_management_swiftui.framework */ = {isa = PBXFileReference; explicitFileType = wrapper.framework; includeInIndex = 0; path = Pods_fpt_event_management_swiftui.framework; sourceTree = BUILT_PRODUCTS_DIR; };
		4AAC33D6552530A78C7B1DFE /* Pods-fpt-event-management-swiftui.debug.xcconfig */ = {isa = PBXFileReference; includeInIndex = 1; lastKnownFileType = text.xcconfig; name = "Pods-fpt-event-management-swiftui.debug.xcconfig"; path = "Target Support Files/Pods-fpt-event-management-swiftui/Pods-fpt-event-management-swiftui.debug.xcconfig"; sourceTree = "<group>"; };
/* End PBXFileReference section */

/* Begin PBXFrameworksBuildPhase section */
		0AB5323F2884E5AB0094E6DC /* Frameworks */ = {
			isa = PBXFrameworksBuildPhase;
			buildActionMask = 2147483647;
			files = (
				DAB423AFF2F7610B1AC271C9 /* Pods_fpt_event_management_swiftui.framework in Frameworks */,
			);
			runOnlyForDeploymentPostprocessing = 0;
		};
/* End PBXFrameworksBuildPhase section */

/* Begin PBXGroup section */
		08F2FEF03540FE4DBF6E5E2E /* Pods */ = {
			isa = PBXGroup;
			children = (
				4AAC33D6552530A78C7B1DFE /* Pods-fpt-event-management-swiftui.debug.xcconfig */,
				0B8B8F323F4AB0EF6EBBC4FC /* Pods-fpt-event-management-swiftui.release.xcconfig */,
			);
			path = Pods;
			sourceTree = "<group>";
		};
		0A2F9E282886402D00D6CB6D /* TabBar */ = {
			isa = PBXGroup;
			children = (
				0A2F9E242885C9A600D6CB6D /* CustomTabBar.swift */,
				0A2F9E262885CD3A00D6CB6D /* TabCurve.swift */,
			);
			path = TabBar;
			sourceTree = "<group>";
		};
		0A9D00AE2884E8BE000C5988 /* Database */ = {
			isa = PBXGroup;
			children = (
				0A9D00AF2884E8D5000C5988 /* Database.swift */,
				0A9D00B12884EC37000C5988 /* UserEntity.swift */,
				0AF2B47028902DC40027C428 /* RoleEntity.swift */,
				0A9D00B32884EE41000C5988 /* EventEntity.swift */,
			);
			path = Database;
			sourceTree = "<group>";
		};
		0AB532392884E5AB0094E6DC = {
			isa = PBXGroup;
			children = (
				0AB532442884E5AB0094E6DC /* fpt-event-management-swiftui */,
				0AB532432884E5AB0094E6DC /* Products */,
				08F2FEF03540FE4DBF6E5E2E /* Pods */,
				C3A079BB38C3CCC8C39FB8D5 /* Frameworks */,
			);
			sourceTree = "<group>";
		};
		0AB532432884E5AB0094E6DC /* Products */ = {
			isa = PBXGroup;
			children = (
				0AB532422884E5AB0094E6DC /* fpt-event-management-swiftui.app */,
			);
			name = Products;
			sourceTree = "<group>";
		};
		0AB532442884E5AB0094E6DC /* fpt-event-management-swiftui */ = {
			isa = PBXGroup;
			children = (
				0A2F9E282886402D00D6CB6D /* TabBar */,
				0A2F9E2228851AC400D6CB6D /* AppDelegate.swift */,
				0A9D00AE2884E8BE000C5988 /* Database */,
				0AB532452884E5AB0094E6DC /* fpt_event_management_swiftuiApp.swift */,
				0AAAD295288A2E210099B502 /* RoundedCornersShape.swift */,
				0AB532472884E5AB0094E6DC /* LoginView.swift */,
				0AF2B47228903E7E0027C428 /* AdminView.swift */,
				0A9D00B528850BBC000C5988 /* UserView.swift */,
				0AAAD293288A2CA90099B502 /* ProfileView.swift */,
				0AA20D442886A725006F6732 /* EventDetailView.swift */,
				0A2F9E2028850D4200D6CB6D /* ErrorView.swift */,
				0AB532492884E5B20094E6DC /* Assets.xcassets */,
				0AB5324B2884E5B20094E6DC /* Preview Content */,
			);
			path = "fpt-event-management-swiftui";
			sourceTree = "<group>";
		};
		0AB5324B2884E5B20094E6DC /* Preview Content */ = {
			isa = PBXGroup;
			children = (
				0AB5324C2884E5B20094E6DC /* Preview Assets.xcassets */,
			);
			path = "Preview Content";
			sourceTree = "<group>";
		};
		C3A079BB38C3CCC8C39FB8D5 /* Frameworks */ = {
			isa = PBXGroup;
			children = (
				27EE3DDB5FEF36C4CCDB8654 /* Pods_fpt_event_management_swiftui.framework */,
			);
			name = Frameworks;
			sourceTree = "<group>";
		};
/* End PBXGroup section */

/* Begin PBXNativeTarget section */
		0AB532412884E5AB0094E6DC /* fpt-event-management-swiftui */ = {
			isa = PBXNativeTarget;
			buildConfigurationList = 0AB532502884E5B20094E6DC /* Build configuration list for PBXNativeTarget "fpt-event-management-swiftui" */;
			buildPhases = (
				7AA8BAB68910140F48F4391B /* [CP] Check Pods Manifest.lock */,
				0AB5323E2884E5AB0094E6DC /* Sources */,
				0AB5323F2884E5AB0094E6DC /* Frameworks */,
				0AB532402884E5AB0094E6DC /* Resources */,
				760067EE063C8B87849147B1 /* [CP] Embed Pods Frameworks */,
			);
			buildRules = (
			);
			dependencies = (
			);
			name = "fpt-event-management-swiftui";
			productName = "fpt-event-management-swiftui";
			productReference = 0AB532422884E5AB0094E6DC /* fpt-event-management-swiftui.app */;
			productType = "com.apple.product-type.application";
		};
/* End PBXNativeTarget section */

/* Begin PBXProject section */
		0AB5323A2884E5AB0094E6DC /* Project object */ = {
			isa = PBXProject;
			attributes = {
				BuildIndependentTargetsInParallel = 1;
				LastSwiftUpdateCheck = 1340;
				LastUpgradeCheck = 1340;
				TargetAttributes = {
					0AB532412884E5AB0094E6DC = {
						CreatedOnToolsVersion = 13.4;
					};
				};
			};
			buildConfigurationList = 0AB5323D2884E5AB0094E6DC /* Build configuration list for PBXProject "fpt-event-management-swiftui" */;
			compatibilityVersion = "Xcode 13.0";
			developmentRegion = en;
			hasScannedForEncodings = 0;
			knownRegions = (
				en,
				Base,
			);
			mainGroup = 0AB532392884E5AB0094E6DC;
			productRefGroup = 0AB532432884E5AB0094E6DC /* Products */;
			projectDirPath = "";
			projectRoot = "";
			targets = (
				0AB532412884E5AB0094E6DC /* fpt-event-management-swiftui */,
			);
		};
/* End PBXProject section */

/* Begin PBXResourcesBuildPhase section */
		0AB532402884E5AB0094E6DC /* Resources */ = {
			isa = PBXResourcesBuildPhase;
			buildActionMask = 2147483647;
			files = (
				0AB5324D2884E5B20094E6DC /* Preview Assets.xcassets in Resources */,
				0AB5324A2884E5B20094E6DC /* Assets.xcassets in Resources */,
			);
			runOnlyForDeploymentPostprocessing = 0;
		};
/* End PBXResourcesBuildPhase section */

/* Begin PBXShellScriptBuildPhase section */
		760067EE063C8B87849147B1 /* [CP] Embed Pods Frameworks */ = {
			isa = PBXShellScriptBuildPhase;
			buildActionMask = 2147483647;
			files = (
			);
			inputFileListPaths = (
				"${PODS_ROOT}/Target Support Files/Pods-fpt-event-management-swiftui/Pods-fpt-event-management-swiftui-frameworks-${CONFIGURATION}-input-files.xcfilelist",
			);
			name = "[CP] Embed Pods Frameworks";
			outputFileListPaths = (
				"${PODS_ROOT}/Target Support Files/Pods-fpt-event-management-swiftui/Pods-fpt-event-management-swiftui-frameworks-${CONFIGURATION}-output-files.xcfilelist",
			);
			runOnlyForDeploymentPostprocessing = 0;
			shellPath = /bin/sh;
			shellScript = "\"${PODS_ROOT}/Target Support Files/Pods-fpt-event-management-swiftui/Pods-fpt-event-management-swiftui-frameworks.sh\"\n";
			showEnvVarsInLog = 0;
		};
		7AA8BAB68910140F48F4391B /* [CP] Check Pods Manifest.lock */ = {
			isa = PBXShellScriptBuildPhase;
			buildActionMask = 2147483647;
			files = (
			);
			inputFileListPaths = (
			);
			inputPaths = (
				"${PODS_PODFILE_DIR_PATH}/Podfile.lock",
				"${PODS_ROOT}/Manifest.lock",
			);
			name = "[CP] Check Pods Manifest.lock";
			outputFileListPaths = (
			);
			outputPaths = (
				"$(DERIVED_FILE_DIR)/Pods-fpt-event-management-swiftui-checkManifestLockResult.txt",
			);
			runOnlyForDeploymentPostprocessing = 0;
			shellPath = /bin/sh;
			shellScript = "diff \"${PODS_PODFILE_DIR_PATH}/Podfile.lock\" \"${PODS_ROOT}/Manifest.lock\" > /dev/null\nif [ $? != 0 ] ; then\n    # print error to STDERR\n    echo \"error: The sandbox is not in sync with the Podfile.lock. Run 'pod install' or update your CocoaPods installation.\" >&2\n    exit 1\nfi\n# This output is used by Xcode 'outputs' to avoid re-running this script phase.\necho \"SUCCESS\" > \"${SCRIPT_OUTPUT_FILE_0}\"\n";
			showEnvVarsInLog = 0;
		};
/* End PBXShellScriptBuildPhase section */

/* Begin PBXSourcesBuildPhase section */
		0AB5323E2884E5AB0094E6DC /* Sources */ = {
			isa = PBXSourcesBuildPhase;
			buildActionMask = 2147483647;
			files = (
				0AF2B47128902DC40027C428 /* RoleEntity.swift in Sources */,
				0A2F9E2328851AC400D6CB6D /* AppDelegate.swift in Sources */,
				0A9D00B02884E8D5000C5988 /* Database.swift in Sources */,
				0A9D00B42884EE41000C5988 /* EventEntity.swift in Sources */,
				0AB532482884E5AB0094E6DC /* LoginView.swift in Sources */,
				0AAAD294288A2CA90099B502 /* ProfileView.swift in Sources */,
				0A9D00B628850BBC000C5988 /* UserView.swift in Sources */,
				0A2F9E2128850D4200D6CB6D /* ErrorView.swift in Sources */,
				0AB532462884E5AB0094E6DC /* fpt_event_management_swiftuiApp.swift in Sources */,
				0AAAD296288A2E210099B502 /* RoundedCornersShape.swift in Sources */,
				0A2F9E252885C9A600D6CB6D /* CustomTabBar.swift in Sources */,
				0A9D00B22884EC37000C5988 /* UserEntity.swift in Sources */,
				0AA20D452886A726006F6732 /* EventDetailView.swift in Sources */,
				0A2F9E272885CD3A00D6CB6D /* TabCurve.swift in Sources */,
				0AF2B47328903E7E0027C428 /* AdminView.swift in Sources */,
			);
			runOnlyForDeploymentPostprocessing = 0;
		};
/* End PBXSourcesBuildPhase section */

/* Begin XCBuildConfiguration section */
		0AB5324E2884E5B20094E6DC /* Debug */ = {
			isa = XCBuildConfiguration;
			buildSettings = {
				ALWAYS_SEARCH_USER_PATHS = NO;
				CLANG_ANALYZER_NONNULL = YES;
				CLANG_ANALYZER_NUMBER_OBJECT_CONVERSION = YES_AGGRESSIVE;
				CLANG_CXX_LANGUAGE_STANDARD = "gnu++17";
				CLANG_ENABLE_MODULES = YES;
				CLANG_ENABLE_OBJC_ARC = YES;
				CLANG_ENABLE_OBJC_WEAK = YES;
				CLANG_WARN_BLOCK_CAPTURE_AUTORELEASING = YES;
				CLANG_WARN_BOOL_CONVERSION = YES;
				CLANG_WARN_COMMA = YES;
				CLANG_WARN_CONSTANT_CONVERSION = YES;
				CLANG_WARN_DEPRECATED_OBJC_IMPLEMENTATIONS = YES;
				CLANG_WARN_DIRECT_OBJC_ISA_USAGE = YES_ERROR;
				CLANG_WARN_DOCUMENTATION_COMMENTS = YES;
				CLANG_WARN_EMPTY_BODY = YES;
				CLANG_WARN_ENUM_CONVERSION = YES;
				CLANG_WARN_INFINITE_RECURSION = YES;
				CLANG_WARN_INT_CONVERSION = YES;
				CLANG_WARN_NON_LITERAL_NULL_CONVERSION = YES;
				CLANG_WARN_OBJC_IMPLICIT_RETAIN_SELF = YES;
				CLANG_WARN_OBJC_LITERAL_CONVERSION = YES;
				CLANG_WARN_OBJC_ROOT_CLASS = YES_ERROR;
				CLANG_WARN_QUOTED_INCLUDE_IN_FRAMEWORK_HEADER = YES;
				CLANG_WARN_RANGE_LOOP_ANALYSIS = YES;
				CLANG_WARN_STRICT_PROTOTYPES = YES;
				CLANG_WARN_SUSPICIOUS_MOVE = YES;
				CLANG_WARN_UNGUARDED_AVAILABILITY = YES_AGGRESSIVE;
				CLANG_WARN_UNREACHABLE_CODE = YES;
				CLANG_WARN__DUPLICATE_METHOD_MATCH = YES;
				COPY_PHASE_STRIP = NO;
				DEBUG_INFORMATION_FORMAT = dwarf;
				ENABLE_STRICT_OBJC_MSGSEND = YES;
				ENABLE_TESTABILITY = YES;
				GCC_C_LANGUAGE_STANDARD = gnu11;
				GCC_DYNAMIC_NO_PIC = NO;
				GCC_NO_COMMON_BLOCKS = YES;
				GCC_OPTIMIZATION_LEVEL = 0;
				GCC_PREPROCESSOR_DEFINITIONS = (
					"DEBUG=1",
					"$(inherited)",
				);
				GCC_WARN_64_TO_32_BIT_CONVERSION = YES;
				GCC_WARN_ABOUT_RETURN_TYPE = YES_ERROR;
				GCC_WARN_UNDECLARED_SELECTOR = YES;
				GCC_WARN_UNINITIALIZED_AUTOS = YES_AGGRESSIVE;
				GCC_WARN_UNUSED_FUNCTION = YES;
				GCC_WARN_UNUSED_VARIABLE = YES;
				IPHONEOS_DEPLOYMENT_TARGET = 15.5;
				MTL_ENABLE_DEBUG_INFO = INCLUDE_SOURCE;
				MTL_FAST_MATH = YES;
				ONLY_ACTIVE_ARCH = YES;
				SDKROOT = iphoneos;
				SWIFT_ACTIVE_COMPILATION_CONDITIONS = DEBUG;
				SWIFT_OPTIMIZATION_LEVEL = "-Onone";
			};
			name = Debug;
		};
		0AB5324F2884E5B20094E6DC /* Release */ = {
			isa = XCBuildConfiguration;
			buildSettings = {
				ALWAYS_SEARCH_USER_PATHS = NO;
				CLANG_ANALYZER_NONNULL = YES;
				CLANG_ANALYZER_NUMBER_OBJECT_CONVERSION = YES_AGGRESSIVE;
				CLANG_CXX_LANGUAGE_STANDARD = "gnu++17";
				CLANG_ENABLE_MODULES = YES;
				CLANG_ENABLE_OBJC_ARC = YES;
				CLANG_ENABLE_OBJC_WEAK = YES;
				CLANG_WARN_BLOCK_CAPTURE_AUTORELEASING = YES;
				CLANG_WARN_BOOL_CONVERSION = YES;
				CLANG_WARN_COMMA = YES;
				CLANG_WARN_CONSTANT_CONVERSION = YES;
				CLANG_WARN_DEPRECATED_OBJC_IMPLEMENTATIONS = YES;
				CLANG_WARN_DIRECT_OBJC_ISA_USAGE = YES_ERROR;
				CLANG_WARN_DOCUMENTATION_COMMENTS = YES;
				CLANG_WARN_EMPTY_BODY = YES;
				CLANG_WARN_ENUM_CONVERSION = YES;
				CLANG_WARN_INFINITE_RECURSION = YES;
				CLANG_WARN_INT_CONVERSION = YES;
				CLANG_WARN_NON_LITERAL_NULL_CONVERSION = YES;
				CLANG_WARN_OBJC_IMPLICIT_RETAIN_SELF = YES;
				CLANG_WARN_OBJC_LITERAL_CONVERSION = YES;
				CLANG_WARN_OBJC_ROOT_CLASS = YES_ERROR;
				CLANG_WARN_QUOTED_INCLUDE_IN_FRAMEWORK_HEADER = YES;
				CLANG_WARN_RANGE_LOOP_ANALYSIS = YES;
				CLANG_WARN_STRICT_PROTOTYPES = YES;
				CLANG_WARN_SUSPICIOUS_MOVE = YES;
				CLANG_WARN_UNGUARDED_AVAILABILITY = YES_AGGRESSIVE;
				CLANG_WARN_UNREACHABLE_CODE = YES;
				CLANG_WARN__DUPLICATE_METHOD_MATCH = YES;
				COPY_PHASE_STRIP = NO;
				DEBUG_INFORMATION_FORMAT = "dwarf-with-dsym";
				ENABLE_NS_ASSERTIONS = NO;
				ENABLE_STRICT_OBJC_MSGSEND = YES;
				GCC_C_LANGUAGE_STANDARD = gnu11;
				GCC_NO_COMMON_BLOCKS = YES;
				GCC_WARN_64_TO_32_BIT_CONVERSION = YES;
				GCC_WARN_ABOUT_RETURN_TYPE = YES_ERROR;
				GCC_WARN_UNDECLARED_SELECTOR = YES;
				GCC_WARN_UNINITIALIZED_AUTOS = YES_AGGRESSIVE;
				GCC_WARN_UNUSED_FUNCTION = YES;
				GCC_WARN_UNUSED_VARIABLE = YES;
				IPHONEOS_DEPLOYMENT_TARGET = 15.5;
				MTL_ENABLE_DEBUG_INFO = NO;
				MTL_FAST_MATH = YES;
				SDKROOT = iphoneos;
				SWIFT_COMPILATION_MODE = wholemodule;
				SWIFT_OPTIMIZATION_LEVEL = "-O";
				VALIDATE_PRODUCT = YES;
			};
			name = Release;
		};
		0AB532512884E5B20094E6DC /* Debug */ = {
			isa = XCBuildConfiguration;
			baseConfigurationReference = 4AAC33D6552530A78C7B1DFE /* Pods-fpt-event-management-swiftui.debug.xcconfig */;
			buildSettings = {
				ASSETCATALOG_COMPILER_APPICON_NAME = AppIcon;
				ASSETCATALOG_COMPILER_GLOBAL_ACCENT_COLOR_NAME = AccentColor;
				CODE_SIGN_STYLE = Automatic;
				CURRENT_PROJECT_VERSION = 1;
				DEVELOPMENT_ASSET_PATHS = "\"fpt-event-management-swiftui/Preview Content\"";
				DEVELOPMENT_TEAM = Y52CVVG685;
				ENABLE_PREVIEWS = YES;
				GENERATE_INFOPLIST_FILE = YES;
				INFOPLIST_KEY_UIApplicationSceneManifest_Generation = YES;
				INFOPLIST_KEY_UIApplicationSupportsIndirectInputEvents = YES;
				INFOPLIST_KEY_UILaunchScreen_Generation = YES;
				INFOPLIST_KEY_UISupportedInterfaceOrientations_iPad = "UIInterfaceOrientationPortrait UIInterfaceOrientationPortraitUpsideDown UIInterfaceOrientationLandscapeLeft UIInterfaceOrientationLandscapeRight";
				INFOPLIST_KEY_UISupportedInterfaceOrientations_iPhone = "UIInterfaceOrientationPortrait UIInterfaceOrientationLandscapeLeft UIInterfaceOrientationLandscapeRight";
				LD_RUNPATH_SEARCH_PATHS = (
					"$(inherited)",
					"@executable_path/Frameworks",
				);
				MARKETING_VERSION = 1.0;
				PRODUCT_BUNDLE_IDENTIFIER = "com.maihuutai.fpt-event-management-swiftui";
				PRODUCT_NAME = "$(TARGET_NAME)";
				SWIFT_EMIT_LOC_STRINGS = YES;
				SWIFT_VERSION = 5.0;
				TARGETED_DEVICE_FAMILY = "1,2";
			};
			name = Debug;
		};
		0AB532522884E5B20094E6DC /* Release */ = {
			isa = XCBuildConfiguration;
			baseConfigurationReference = 0B8B8F323F4AB0EF6EBBC4FC /* Pods-fpt-event-management-swiftui.release.xcconfig */;
			buildSettings = {
				ASSETCATALOG_COMPILER_APPICON_NAME = AppIcon;
				ASSETCATALOG_COMPILER_GLOBAL_ACCENT_COLOR_NAME = AccentColor;
				CODE_SIGN_STYLE = Automatic;
				CURRENT_PROJECT_VERSION = 1;
				DEVELOPMENT_ASSET_PATHS = "\"fpt-event-management-swiftui/Preview Content\"";
				DEVELOPMENT_TEAM = Y52CVVG685;
				ENABLE_PREVIEWS = YES;
				GENERATE_INFOPLIST_FILE = YES;
				INFOPLIST_KEY_UIApplicationSceneManifest_Generation = YES;
				INFOPLIST_KEY_UIApplicationSupportsIndirectInputEvents = YES;
				INFOPLIST_KEY_UILaunchScreen_Generation = YES;
				INFOPLIST_KEY_UISupportedInterfaceOrientations_iPad = "UIInterfaceOrientationPortrait UIInterfaceOrientationPortraitUpsideDown UIInterfaceOrientationLandscapeLeft UIInterfaceOrientationLandscapeRight";
				INFOPLIST_KEY_UISupportedInterfaceOrientations_iPhone = "UIInterfaceOrientationPortrait UIInterfaceOrientationLandscapeLeft UIInterfaceOrientationLandscapeRight";
				LD_RUNPATH_SEARCH_PATHS = (
					"$(inherited)",
					"@executable_path/Frameworks",
				);
				MARKETING_VERSION = 1.0;
				PRODUCT_BUNDLE_IDENTIFIER = "com.maihuutai.fpt-event-management-swiftui";
				PRODUCT_NAME = "$(TARGET_NAME)";
				SWIFT_EMIT_LOC_STRINGS = YES;
				SWIFT_VERSION = 5.0;
				TARGETED_DEVICE_FAMILY = "1,2";
			};
			name = Release;
		};
/* End XCBuildConfiguration section */

/* Begin XCConfigurationList section */
		0AB5323D2884E5AB0094E6DC /* Build configuration list for PBXProject "fpt-event-management-swiftui" */ = {
			isa = XCConfigurationList;
			buildConfigurations = (
				0AB5324E2884E5B20094E6DC /* Debug */,
				0AB5324F2884E5B20094E6DC /* Release */,
			);
			defaultConfigurationIsVisible = 0;
			defaultConfigurationName = Release;
		};
		0AB532502884E5B20094E6DC /* Build configuration list for PBXNativeTarget "fpt-event-management-swiftui" */ = {
			isa = XCConfigurationList;
			buildConfigurations = (
				0AB532512884E5B20094E6DC /* Debug */,
				0AB532522884E5B20094E6DC /* Release */,
			);
			defaultConfigurationIsVisible = 0;
			defaultConfigurationName = Release;
		};
/* End XCConfigurationList section */
	};
	rootObject = 0AB5323A2884E5AB0094E6DC /* Project object */;
}
